{
  "lockfileVersion": 1,
  "configVersion": 1,
  "workspaces": {
    "": {
      "name": "@pocketjs/aot",
      "devDependencies": {
        "jsnes": "^2.1.0",
        "typescript": "^5",
      },
    },
  },
  "packages": {
    "jsnes": ["jsnes@2.1.0", "", {}, "sha512-LUa++E5Dfs1A6ZYB5HiSOR4JrUzrZEXGLZ5Imczhu9lkg7f+94SqnLZ/MXwGa7oc02+j/xYyHR0azGQ6LCU68g=="],

    "typescript": ["typescript@5.9.3", "", { "bin": { "tsc": "bin/tsc", "tsserver": "bin/tsserver" } }, "sha512-jl1vZzPDinLr9eUt3J/t7V6FgNEw9QjvBPdysz9KfQDD41fQrC2Y4vKQdiaUpFT4bXlb1RHhLpp8wtm6M5TgSw=="],
  }
}
